
Microsoft Visual Studio Solution File, Format Version 12.00
# Visual Studio 15
VisualStudioVersion = 15.0.28010.2048
MinimumVisualStudioVersion = 10.0.40219.1
Project("{FAE04EC0-301F-11D3-BF4B-00C04F79EFBC}") = "Apartment", "Apartment\Apartment.csproj", "{722190F1-384A-4FD2-A220-EF00A52ACA2B}"
EndProject
Global
	GlobalSection(SolutionConfigurationPlatforms) = preSolution
		Debug|Any CPU = Debug|Any CPU
		Release|Any CPU = Release|Any CPU
	EndGlobalSection
	GlobalSection(ProjectConfigurationPlatforms) = postSolution
		{722190F1-384A-4FD2-A220-EF00A52ACA2B}.Debug|Any CPU.ActiveCfg = Debug|Any CPU
		{722190F1-384A-4FD2-A220-EF00A52ACA2B}.Debug|Any CPU.Build.0 = Debug|Any CPU
		{722190F1-384A-4FD2-A220-EF00A52ACA2B}.Release|Any CPU.ActiveCfg = Release|Any CPU
		{722190F1-384A-4FD2-A220-EF00A52ACA2B}.Release|Any CPU.Build.0 = Release|Any CPU
	EndGlobalSection
	GlobalSection(SolutionProperties) = preSolution
		HideSolutionNode = FALSE
	EndGlobalSection
	GlobalSection(ExtensibilityGlobals) = postSolution
		SolutionGuid = {40D4B57C-5328-4960-801C-1C31A6482305}
	EndGlobalSection
EndGlobal
