
Microsoft Visual Studio Solution File, Format Version 12.00
# Visual Studio 15
VisualStudioVersion = 15.0.28010.2048
MinimumVisualStudioVersion = 10.0.40219.1
Project("{FAE04EC0-301F-11D3-BF4B-00C04F79EFBC}") = "WWImporters", "WWImporters\WWImporters.csproj", "{8B473BCC-FEA3-4E0F-BA31-7B3AA983D65F}"
EndProject
Global
	GlobalSection(SolutionConfigurationPlatforms) = preSolution
		Debug|Any CPU = Debug|Any CPU
		Release|Any CPU = Release|Any CPU
	EndGlobalSection
	GlobalSection(ProjectConfigurationPlatforms) = postSolution
		{8B473BCC-FEA3-4E0F-BA31-7B3AA983D65F}.Debug|Any CPU.ActiveCfg = Debug|Any CPU
		{8B473BCC-FEA3-4E0F-BA31-7B3AA983D65F}.Debug|Any CPU.Build.0 = Debug|Any CPU
		{8B473BCC-FEA3-4E0F-BA31-7B3AA983D65F}.Release|Any CPU.ActiveCfg = Release|Any CPU
		{8B473BCC-FEA3-4E0F-BA31-7B3AA983D65F}.Release|Any CPU.Build.0 = Release|Any CPU
	EndGlobalSection
	GlobalSection(SolutionProperties) = preSolution
		HideSolutionNode = FALSE
	EndGlobalSection
	GlobalSection(ExtensibilityGlobals) = postSolution
		SolutionGuid = {BB093A76-4403-432A-9D99-2D5F99EAFC33}
	EndGlobalSection
EndGlobal
